
Microsoft Visual Studio Solution File, Format Version 12.00
# Visual Studio 2013
VisualStudioVersion = 12.0.21005.1
MinimumVisualStudioVersion = 10.0.40219.1
Project("{FAE04EC0-301F-11D3-BF4B-00C04F79EFBC}") = "Projeto-PI", "Projeto-PI.csproj", "{AFC5CB30-4A76-42AD-A05A-E1CD269C70A0}"
EndProject
Project("{FAE04EC0-301F-11D3-BF4B-00C04F79EFBC}") = "Projeto-PI-tests", "..\Projeto-PI-tests\Projeto-PI-tests.csproj", "{2541095F-E1EA-4966-BE90-59C670019DB5}"
EndProject
Global
	GlobalSection(SolutionConfigurationPlatforms) = preSolution
		Debug|Any CPU = Debug|Any CPU
		Release|Any CPU = Release|Any CPU
	EndGlobalSection
	GlobalSection(ProjectConfigurationPlatforms) = postSolution
		{AFC5CB30-4A76-42AD-A05A-E1CD269C70A0}.Debug|Any CPU.ActiveCfg = Debug|Any CPU
		{AFC5CB30-4A76-42AD-A05A-E1CD269C70A0}.Debug|Any CPU.Build.0 = Debug|Any CPU
		{AFC5CB30-4A76-42AD-A05A-E1CD269C70A0}.Release|Any CPU.ActiveCfg = Release|Any CPU
		{AFC5CB30-4A76-42AD-A05A-E1CD269C70A0}.Release|Any CPU.Build.0 = Release|Any CPU
		{2541095F-E1EA-4966-BE90-59C670019DB5}.Debug|Any CPU.ActiveCfg = Debug|Any CPU
		{2541095F-E1EA-4966-BE90-59C670019DB5}.Debug|Any CPU.Build.0 = Debug|Any CPU
		{2541095F-E1EA-4966-BE90-59C670019DB5}.Release|Any CPU.ActiveCfg = Release|Any CPU
		{2541095F-E1EA-4966-BE90-59C670019DB5}.Release|Any CPU.Build.0 = Release|Any CPU
	EndGlobalSection
	GlobalSection(SolutionProperties) = preSolution
		HideSolutionNode = FALSE
	EndGlobalSection
EndGlobal
